
Microsoft Visual Studio Solution File, Format Version 12.00
# Visual Studio Version 17
VisualStudioVersion = 17.0.31903.59
MinimumVisualStudioVersion = 10.0.40219.1
Project("{2150E333-8FDC-42A3-9474-1A3956D46DE8}") = "src", "src", "{827E0CD3-B72D-47B6-A68D-7590B98EB39B}"
EndProject
Project("{FAE04EC0-301F-11D3-BF4B-00C04F79EFBC}") = "Aquarium.Engine.Contracts", "src\Aquarium.Engine.Contracts\Aquarium.Engine.Contracts.csproj", "{08D15A38-B6AB-459B-8BF9-3CCA8555A022}"
EndProject
Project("{FAE04EC0-301F-11D3-BF4B-00C04F79EFBC}") = "Aquarium.Engine", "src\Aquarium.Engine\Aquarium.Engine.csproj", "{51FE01D8-9EEF-46B2-8D8C-3307AC2221C1}"
EndProject
Project("{FAE04EC0-301F-11D3-BF4B-00C04F79EFBC}") = "CultMath", "..\CultMath\src\CultMath\CultMath.csproj", "{0089E341-25F2-43FC-8FD9-CBD1AE646D91}"
EndProject
Project("{FAE04EC0-301F-11D3-BF4B-00C04F79EFBC}") = "Aquarium.Epiphany", "src\Aquarium.Epiphany\Aquarium.Epiphany.csproj", "{33654E0D-B31A-4062-B6AC-C1CE4C1A1F65}"
EndProject
Project("{FAE04EC0-301F-11D3-BF4B-00C04F79EFBC}") = "GameCult.Caching.MessagePack", "..\CultLib\src\GameCult.Caching.MessagePack\GameCult.Caching.MessagePack.csproj", "{A8EDAE19-805B-4B09-9566-BE63937CA1B9}"
EndProject
Project("{FAE04EC0-301F-11D3-BF4B-00C04F79EFBC}") = "GameCult.Caching", "..\CultLib\src\GameCult.Caching\GameCult.Caching.csproj", "{6E874823-17F8-453C-A077-4A101D425C84}"
EndProject
Project("{FAE04EC0-301F-11D3-BF4B-00C04F79EFBC}") = "GameCult.Logging", "..\CultLib\src\GameCult.Logging\GameCult.Logging.csproj", "{68AF73A1-65FE-4BCE-BDF6-8CB3DF12033E}"
EndProject
Project("{FAE04EC0-301F-11D3-BF4B-00C04F79EFBC}") = "GameCult.Caching.MessagePack.Analyzers", "..\CultLib\src\GameCult.Caching.MessagePack.Analyzers\GameCult.Caching.MessagePack.Analyzers.csproj", "{225265F1-8278-48D7-B271-BE8841D0C1CA}"
EndProject
Project("{FAE04EC0-301F-11D3-BF4B-00C04F79EFBC}") = "GameCult.Caching.MessagePack.Generator", "..\CultLib\src\GameCult.Caching.MessagePack.Generator\GameCult.Caching.MessagePack.Generator.csproj", "{435C602F-025E-4948-8285-E83E693DAA7B}"
EndProject
Project("{FAE04EC0-301F-11D3-BF4B-00C04F79EFBC}") = "GameCult.Networking", "..\CultLib\src\GameCult.Networking\GameCult.Networking.csproj", "{BDE44048-7BA1-45C0-A69C-F70E5188FFE1}"
EndProject
Project("{FAE04EC0-301F-11D3-BF4B-00C04F79EFBC}") = "Aquarium.Sample.Minimal", "src\Aquarium.Sample.Minimal\Aquarium.Sample.Minimal.csproj", "{7564E6C2-FF01-4B5B-8C2B-F9CD796858BA}"
EndProject
Project("{2150E333-8FDC-42A3-9474-1A3956D46DE8}") = "tests", "tests", "{0AB3BF05-4346-4AA6-1389-037BE0695223}"
EndProject
Project("{FAE04EC0-301F-11D3-BF4B-00C04F79EFBC}") = "Aquarium.Engine.Tests", "tests\Aquarium.Engine.Tests\Aquarium.Engine.Tests.csproj", "{37363FC6-5AA3-49B4-A3B1-E4AB2CC986EB}"
EndProject
Project("{FAE04EC0-301F-11D3-BF4B-00C04F79EFBC}") = "Aquarium.Epiphany.AgentPreview", "src\Aquarium.Epiphany.AgentPreview\Aquarium.Epiphany.AgentPreview.csproj", "{F12A367A-8D8E-490D-B60E-3FDBEA3E07E2}"
EndProject
Project("{FAE04EC0-301F-11D3-BF4B-00C04F79EFBC}") = "Aquarium.Zyphos", "src\Aquarium.Zyphos\Aquarium.Zyphos.csproj", "{801B1913-6AE1-4B8C-8030-4669AC4FE25E}"
EndProject
Project("{FAE04EC0-301F-11D3-BF4B-00C04F79EFBC}") = "Aquarium.Engine.Fractal", "src\Aquarium.Engine.Fractal\Aquarium.Engine.Fractal.csproj", "{FF232A59-4E8D-4D56-A2C3-ACC02F5371D0}"
EndProject
Project("{FAE04EC0-301F-11D3-BF4B-00C04F79EFBC}") = "Aquarium.Engine.Fractal.Tests", "tests\Aquarium.Engine.Fractal.Tests\Aquarium.Engine.Fractal.Tests.csproj", "{A9D41C48-7E78-4D75-A814-0C1500245EFC}"
EndProject
Project("{FAE04EC0-301F-11D3-BF4B-00C04F79EFBC}") = "Aquarium.LocalCast", "src\Aquarium.LocalCast\Aquarium.LocalCast.csproj", "{E8C66A46-1F56-484D-8CDD-5C0A3FD84A5F}"
EndProject
Project("{FAE04EC0-301F-11D3-BF4B-00C04F79EFBC}") = "Aquarium.LocalCast.Tests", "tests\Aquarium.LocalCast.Tests\Aquarium.LocalCast.Tests.csproj", "{E6560D72-B018-4E00-AEBD-C1B9419E0BC7}"
EndProject
Global
	GlobalSection(SolutionConfigurationPlatforms) = preSolution
		Debug|Any CPU = Debug|Any CPU
		Debug|x64 = Debug|x64
		Debug|x86 = Debug|x86
		Release|Any CPU = Release|Any CPU
		Release|x64 = Release|x64
		Release|x86 = Release|x86
	EndGlobalSection
	GlobalSection(ProjectConfigurationPlatforms) = postSolution
		{08D15A38-B6AB-459B-8BF9-3CCA8555A022}.Debug|Any CPU.ActiveCfg = Debug|Any CPU
		{08D15A38-B6AB-459B-8BF9-3CCA8555A022}.Debug|Any CPU.Build.0 = Debug|Any CPU
		{08D15A38-B6AB-459B-8BF9-3CCA8555A022}.Debug|x64.ActiveCfg = Debug|Any CPU
		{08D15A38-B6AB-459B-8BF9-3CCA8555A022}.Debug|x64.Build.0 = Debug|Any CPU
		{08D15A38-B6AB-459B-8BF9-3CCA8555A022}.Debug|x86.ActiveCfg = Debug|Any CPU
		{08D15A38-B6AB-459B-8BF9-3CCA8555A022}.Debug|x86.Build.0 = Debug|Any CPU
		{08D15A38-B6AB-459B-8BF9-3CCA8555A022}.Release|Any CPU.ActiveCfg = Release|Any CPU
		{08D15A38-B6AB-459B-8BF9-3CCA8555A022}.Release|Any CPU.Build.0 = Release|Any CPU
		{08D15A38-B6AB-459B-8BF9-3CCA8555A022}.Release|x64.ActiveCfg = Release|Any CPU
		{08D15A38-B6AB-459B-8BF9-3CCA8555A022}.Release|x64.Build.0 = Release|Any CPU
		{08D15A38-B6AB-459B-8BF9-3CCA8555A022}.Release|x86.ActiveCfg = Release|Any CPU
		{08D15A38-B6AB-459B-8BF9-3CCA8555A022}.Release|x86.Build.0 = Release|Any CPU
		{51FE01D8-9EEF-46B2-8D8C-3307AC2221C1}.Debug|Any CPU.ActiveCfg = Debug|Any CPU
		{51FE01D8-9EEF-46B2-8D8C-3307AC2221C1}.Debug|Any CPU.Build.0 = Debug|Any CPU
		{51FE01D8-9EEF-46B2-8D8C-3307AC2221C1}.Debug|x64.ActiveCfg = Debug|Any CPU
		{51FE01D8-9EEF-46B2-8D8C-3307AC2221C1}.Debug|x64.Build.0 = Debug|Any CPU
		{51FE01D8-9EEF-46B2-8D8C-3307AC2221C1}.Debug|x86.ActiveCfg = Debug|Any CPU
		{51FE01D8-9EEF-46B2-8D8C-3307AC2221C1}.Debug|x86.Build.0 = Debug|Any CPU
		{51FE01D8-9EEF-46B2-8D8C-3307AC2221C1}.Release|Any CPU.ActiveCfg = Release|Any CPU
		{51FE01D8-9EEF-46B2-8D8C-3307AC2221C1}.Release|Any CPU.Build.0 = Release|Any CPU
		{51FE01D8-9EEF-46B2-8D8C-3307AC2221C1}.Release|x64.ActiveCfg = Release|Any CPU
		{51FE01D8-9EEF-46B2-8D8C-3307AC2221C1}.Release|x64.Build.0 = Release|Any CPU
		{51FE01D8-9EEF-46B2-8D8C-3307AC2221C1}.Release|x86.ActiveCfg = Release|Any CPU
		{51FE01D8-9EEF-46B2-8D8C-3307AC2221C1}.Release|x86.Build.0 = Release|Any CPU
		{0089E341-25F2-43FC-8FD9-CBD1AE646D91}.Debug|Any CPU.ActiveCfg = Debug|Any CPU
		{0089E341-25F2-43FC-8FD9-CBD1AE646D91}.Debug|Any CPU.Build.0 = Debug|Any CPU
		{0089E341-25F2-43FC-8FD9-CBD1AE646D91}.Debug|x64.ActiveCfg = Debug|Any CPU
		{0089E341-25F2-43FC-8FD9-CBD1AE646D91}.Debug|x64.Build.0 = Debug|Any CPU
		{0089E341-25F2-43FC-8FD9-CBD1AE646D91}.Debug|x86.ActiveCfg = Debug|Any CPU
		{0089E341-25F2-43FC-8FD9-CBD1AE646D91}.Debug|x86.Build.0 = Debug|Any CPU
		{0089E341-25F2-43FC-8FD9-CBD1AE646D91}.Release|Any CPU.ActiveCfg = Release|Any CPU
		{0089E341-25F2-43FC-8FD9-CBD1AE646D91}.Release|Any CPU.Build.0 = Release|Any CPU
		{0089E341-25F2-43FC-8FD9-CBD1AE646D91}.Release|x64.ActiveCfg = Release|Any CPU
		{0089E341-25F2-43FC-8FD9-CBD1AE646D91}.Release|x64.Build.0 = Release|Any CPU
		{0089E341-25F2-43FC-8FD9-CBD1AE646D91}.Release|x86.ActiveCfg = Release|Any CPU
		{0089E341-25F2-43FC-8FD9-CBD1AE646D91}.Release|x86.Build.0 = Release|Any CPU
		{33654E0D-B31A-4062-B6AC-C1CE4C1A1F65}.Debug|Any CPU.ActiveCfg = Debug|Any CPU
		{33654E0D-B31A-4062-B6AC-C1CE4C1A1F65}.Debug|Any CPU.Build.0 = Debug|Any CPU
		{33654E0D-B31A-4062-B6AC-C1CE4C1A1F65}.Debug|x64.ActiveCfg = Debug|Any CPU
		{33654E0D-B31A-4062-B6AC-C1CE4C1A1F65}.Debug|x64.Build.0 = Debug|Any CPU
		{33654E0D-B31A-4062-B6AC-C1CE4C1A1F65}.Debug|x86.ActiveCfg = Debug|Any CPU
		{33654E0D-B31A-4062-B6AC-C1CE4C1A1F65}.Debug|x86.Build.0 = Debug|Any CPU
		{33654E0D-B31A-4062-B6AC-C1CE4C1A1F65}.Release|Any CPU.ActiveCfg = Release|Any CPU
		{33654E0D-B31A-4062-B6AC-C1CE4C1A1F65}.Release|Any CPU.Build.0 = Release|Any CPU
		{33654E0D-B31A-4062-B6AC-C1CE4C1A1F65}.Release|x64.ActiveCfg = Release|Any CPU
		{33654E0D-B31A-4062-B6AC-C1CE4C1A1F65}.Release|x64.Build.0 = Release|Any CPU
		{33654E0D-B31A-4062-B6AC-C1CE4C1A1F65}.Release|x86.ActiveCfg = Release|Any CPU
		{33654E0D-B31A-4062-B6AC-C1CE4C1A1F65}.Release|x86.Build.0 = Release|Any CPU
		{A8EDAE19-805B-4B09-9566-BE63937CA1B9}.Debug|Any CPU.ActiveCfg = Debug|Any CPU
		{A8EDAE19-805B-4B09-9566-BE63937CA1B9}.Debug|Any CPU.Build.0 = Debug|Any CPU
		{A8EDAE19-805B-4B09-9566-BE63937CA1B9}.Debug|x64.ActiveCfg = Debug|Any CPU
		{A8EDAE19-805B-4B09-9566-BE63937CA1B9}.Debug|x64.Build.0 = Debug|Any CPU
		{A8EDAE19-805B-4B09-9566-BE63937CA1B9}.Debug|x86.ActiveCfg = Debug|Any CPU
		{A8EDAE19-805B-4B09-9566-BE63937CA1B9}.Debug|x86.Build.0 = Debug|Any CPU
		{A8EDAE19-805B-4B09-9566-BE63937CA1B9}.Release|Any CPU.ActiveCfg = Release|Any CPU
		{A8EDAE19-805B-4B09-9566-BE63937CA1B9}.Release|Any CPU.Build.0 = Release|Any CPU
		{A8EDAE19-805B-4B09-9566-BE63937CA1B9}.Release|x64.ActiveCfg = Release|Any CPU
		{A8EDAE19-805B-4B09-9566-BE63937CA1B9}.Release|x64.Build.0 = Release|Any CPU
		{A8EDAE19-805B-4B09-9566-BE63937CA1B9}.Release|x86.ActiveCfg = Release|Any CPU
		{A8EDAE19-805B-4B09-9566-BE63937CA1B9}.Release|x86.Build.0 = Release|Any CPU
		{6E874823-17F8-453C-A077-4A101D425C84}.Debug|Any CPU.ActiveCfg = Debug|Any CPU
		{6E874823-17F8-453C-A077-4A101D425C84}.Debug|Any CPU.Build.0 = Debug|Any CPU
		{6E874823-17F8-453C-A077-4A101D425C84}.Debug|x64.ActiveCfg = Debug|Any CPU
		{6E874823-17F8-453C-A077-4A101D425C84}.Debug|x64.Build.0 = Debug|Any CPU
		{6E874823-17F8-453C-A077-4A101D425C84}.Debug|x86.ActiveCfg = Debug|Any CPU
		{6E874823-17F8-453C-A077-4A101D425C84}.Debug|x86.Build.0 = Debug|Any CPU
		{6E874823-17F8-453C-A077-4A101D425C84}.Release|Any CPU.ActiveCfg = Release|Any CPU
		{6E874823-17F8-453C-A077-4A101D425C84}.Release|Any CPU.Build.0 = Release|Any CPU
		{6E874823-17F8-453C-A077-4A101D425C84}.Release|x64.ActiveCfg = Release|Any CPU
		{6E874823-17F8-453C-A077-4A101D425C84}.Release|x64.Build.0 = Release|Any CPU
		{6E874823-17F8-453C-A077-4A101D425C84}.Release|x86.ActiveCfg = Release|Any CPU
		{6E874823-17F8-453C-A077-4A101D425C84}.Release|x86.Build.0 = Release|Any CPU
		{68AF73A1-65FE-4BCE-BDF6-8CB3DF12033E}.Debug|Any CPU.ActiveCfg = Debug|Any CPU
		{68AF73A1-65FE-4BCE-BDF6-8CB3DF12033E}.Debug|Any CPU.Build.0 = Debug|Any CPU
		{68AF73A1-65FE-4BCE-BDF6-8CB3DF12033E}.Debug|x64.ActiveCfg = Debug|Any CPU
		{68AF73A1-65FE-4BCE-BDF6-8CB3DF12033E}.Debug|x64.Build.0 = Debug|Any CPU
		{68AF73A1-65FE-4BCE-BDF6-8CB3DF12033E}.Debug|x86.ActiveCfg = Debug|Any CPU
		{68AF73A1-65FE-4BCE-BDF6-8CB3DF12033E}.Debug|x86.Build.0 = Debug|Any CPU
		{68AF73A1-65FE-4BCE-BDF6-8CB3DF12033E}.Release|Any CPU.ActiveCfg = Release|Any CPU
		{68AF73A1-65FE-4BCE-BDF6-8CB3DF12033E}.Release|Any CPU.Build.0 = Release|Any CPU
		{68AF73A1-65FE-4BCE-BDF6-8CB3DF12033E}.Release|x64.ActiveCfg = Release|Any CPU
		{68AF73A1-65FE-4BCE-BDF6-8CB3DF12033E}.Release|x64.Build.0 = Release|Any CPU
		{68AF73A1-65FE-4BCE-BDF6-8CB3DF12033E}.Release|x86.ActiveCfg = Release|Any CPU
		{68AF73A1-65FE-4BCE-BDF6-8CB3DF12033E}.Release|x86.Build.0 = Release|Any CPU
		{225265F1-8278-48D7-B271-BE8841D0C1CA}.Debug|Any CPU.ActiveCfg = Debug|Any CPU
		{225265F1-8278-48D7-B271-BE8841D0C1CA}.Debug|Any CPU.Build.0 = Debug|Any CPU
		{225265F1-8278-48D7-B271-BE8841D0C1CA}.Debug|x64.ActiveCfg = Debug|Any CPU
		{225265F1-8278-48D7-B271-BE8841D0C1CA}.Debug|x64.Build.0 = Debug|Any CPU
		{225265F1-8278-48D7-B271-BE8841D0C1CA}.Debug|x86.ActiveCfg = Debug|Any CPU
		{225265F1-8278-48D7-B271-BE8841D0C1CA}.Debug|x86.Build.0 = Debug|Any CPU
		{225265F1-8278-48D7-B271-BE8841D0C1CA}.Release|Any CPU.ActiveCfg = Release|Any CPU
		{225265F1-8278-48D7-B271-BE8841D0C1CA}.Release|Any CPU.Build.0 = Release|Any CPU
		{225265F1-8278-48D7-B271-BE8841D0C1CA}.Release|x64.ActiveCfg = Release|Any CPU
		{225265F1-8278-48D7-B271-BE8841D0C1CA}.Release|x64.Build.0 = Release|Any CPU
		{225265F1-8278-48D7-B271-BE8841D0C1CA}.Release|x86.ActiveCfg = Release|Any CPU
		{225265F1-8278-48D7-B271-BE8841D0C1CA}.Release|x86.Build.0 = Release|Any CPU
		{435C602F-025E-4948-8285-E83E693DAA7B}.Debug|Any CPU.ActiveCfg = Debug|Any CPU
		{435C602F-025E-4948-8285-E83E693DAA7B}.Debug|Any CPU.Build.0 = Debug|Any CPU
		{435C602F-025E-4948-8285-E83E693DAA7B}.Debug|x64.ActiveCfg = Debug|Any CPU
		{435C602F-025E-4948-8285-E83E693DAA7B}.Debug|x64.Build.0 = Debug|Any CPU
		{435C602F-025E-4948-8285-E83E693DAA7B}.Debug|x86.ActiveCfg = Debug|Any CPU
		{435C602F-025E-4948-8285-E83E693DAA7B}.Debug|x86.Build.0 = Debug|Any CPU
		{435C602F-025E-4948-8285-E83E693DAA7B}.Release|Any CPU.ActiveCfg = Release|Any CPU
		{435C602F-025E-4948-8285-E83E693DAA7B}.Release|Any CPU.Build.0 = Release|Any CPU
		{435C602F-025E-4948-8285-E83E693DAA7B}.Release|x64.ActiveCfg = Release|Any CPU
		{435C602F-025E-4948-8285-E83E693DAA7B}.Release|x64.Build.0 = Release|Any CPU
		{435C602F-025E-4948-8285-E83E693DAA7B}.Release|x86.ActiveCfg = Release|Any CPU
		{435C602F-025E-4948-8285-E83E693DAA7B}.Release|x86.Build.0 = Release|Any CPU
		{BDE44048-7BA1-45C0-A69C-F70E5188FFE1}.Debug|Any CPU.ActiveCfg = Debug|Any CPU
		{BDE44048-7BA1-45C0-A69C-F70E5188FFE1}.Debug|Any CPU.Build.0 = Debug|Any CPU
		{BDE44048-7BA1-45C0-A69C-F70E5188FFE1}.Debug|x64.ActiveCfg = Debug|Any CPU
		{BDE44048-7BA1-45C0-A69C-F70E5188FFE1}.Debug|x64.Build.0 = Debug|Any CPU
		{BDE44048-7BA1-45C0-A69C-F70E5188FFE1}.Debug|x86.ActiveCfg = Debug|Any CPU
		{BDE44048-7BA1-45C0-A69C-F70E5188FFE1}.Debug|x86.Build.0 = Debug|Any CPU
		{BDE44048-7BA1-45C0-A69C-F70E5188FFE1}.Release|Any CPU.ActiveCfg = Release|Any CPU
		{BDE44048-7BA1-45C0-A69C-F70E5188FFE1}.Release|Any CPU.Build.0 = Release|Any CPU
		{BDE44048-7BA1-45C0-A69C-F70E5188FFE1}.Release|x64.ActiveCfg = Release|Any CPU
		{BDE44048-7BA1-45C0-A69C-F70E5188FFE1}.Release|x64.Build.0 = Release|Any CPU
		{BDE44048-7BA1-45C0-A69C-F70E5188FFE1}.Release|x86.ActiveCfg = Release|Any CPU
		{BDE44048-7BA1-45C0-A69C-F70E5188FFE1}.Release|x86.Build.0 = Release|Any CPU
		{7564E6C2-FF01-4B5B-8C2B-F9CD796858BA}.Debug|Any CPU.ActiveCfg = Debug|Any CPU
		{7564E6C2-FF01-4B5B-8C2B-F9CD796858BA}.Debug|Any CPU.Build.0 = Debug|Any CPU
		{7564E6C2-FF01-4B5B-8C2B-F9CD796858BA}.Debug|x64.ActiveCfg = Debug|Any CPU
		{7564E6C2-FF01-4B5B-8C2B-F9CD796858BA}.Debug|x64.Build.0 = Debug|Any CPU
		{7564E6C2-FF01-4B5B-8C2B-F9CD796858BA}.Debug|x86.ActiveCfg = Debug|Any CPU
		{7564E6C2-FF01-4B5B-8C2B-F9CD796858BA}.Debug|x86.Build.0 = Debug|Any CPU
		{7564E6C2-FF01-4B5B-8C2B-F9CD796858BA}.Release|Any CPU.ActiveCfg = Release|Any CPU
		{7564E6C2-FF01-4B5B-8C2B-F9CD796858BA}.Release|Any CPU.Build.0 = Release|Any CPU
		{7564E6C2-FF01-4B5B-8C2B-F9CD796858BA}.Release|x64.ActiveCfg = Release|Any CPU
		{7564E6C2-FF01-4B5B-8C2B-F9CD796858BA}.Release|x64.Build.0 = Release|Any CPU
		{7564E6C2-FF01-4B5B-8C2B-F9CD796858BA}.Release|x86.ActiveCfg = Release|Any CPU
		{7564E6C2-FF01-4B5B-8C2B-F9CD796858BA}.Release|x86.Build.0 = Release|Any CPU
		{37363FC6-5AA3-49B4-A3B1-E4AB2CC986EB}.Debug|Any CPU.ActiveCfg = Debug|Any CPU
		{37363FC6-5AA3-49B4-A3B1-E4AB2CC986EB}.Debug|Any CPU.Build.0 = Debug|Any CPU
		{37363FC6-5AA3-49B4-A3B1-E4AB2CC986EB}.Debug|x64.ActiveCfg = Debug|Any CPU
		{37363FC6-5AA3-49B4-A3B1-E4AB2CC986EB}.Debug|x64.Build.0 = Debug|Any CPU
		{37363FC6-5AA3-49B4-A3B1-E4AB2CC986EB}.Debug|x86.ActiveCfg = Debug|Any CPU
		{37363FC6-5AA3-49B4-A3B1-E4AB2CC986EB}.Debug|x86.Build.0 = Debug|Any CPU
		{37363FC6-5AA3-49B4-A3B1-E4AB2CC986EB}.Release|Any CPU.ActiveCfg = Release|Any CPU
		{37363FC6-5AA3-49B4-A3B1-E4AB2CC986EB}.Release|Any CPU.Build.0 = Release|Any CPU
		{37363FC6-5AA3-49B4-A3B1-E4AB2CC986EB}.Release|x64.ActiveCfg = Release|Any CPU
		{37363FC6-5AA3-49B4-A3B1-E4AB2CC986EB}.Release|x64.Build.0 = Release|Any CPU
		{37363FC6-5AA3-49B4-A3B1-E4AB2CC986EB}.Release|x86.ActiveCfg = Release|Any CPU
		{37363FC6-5AA3-49B4-A3B1-E4AB2CC986EB}.Release|x86.Build.0 = Release|Any CPU
		{F12A367A-8D8E-490D-B60E-3FDBEA3E07E2}.Debug|Any CPU.ActiveCfg = Debug|Any CPU
		{F12A367A-8D8E-490D-B60E-3FDBEA3E07E2}.Debug|Any CPU.Build.0 = Debug|Any CPU
		{F12A367A-8D8E-490D-B60E-3FDBEA3E07E2}.Debug|x64.ActiveCfg = Debug|Any CPU
		{F12A367A-8D8E-490D-B60E-3FDBEA3E07E2}.Debug|x64.Build.0 = Debug|Any CPU
		{F12A367A-8D8E-490D-B60E-3FDBEA3E07E2}.Debug|x86.ActiveCfg = Debug|Any CPU
		{F12A367A-8D8E-490D-B60E-3FDBEA3E07E2}.Debug|x86.Build.0 = Debug|Any CPU
		{F12A367A-8D8E-490D-B60E-3FDBEA3E07E2}.Release|Any CPU.ActiveCfg = Release|Any CPU
		{F12A367A-8D8E-490D-B60E-3FDBEA3E07E2}.Release|Any CPU.Build.0 = Release|Any CPU
		{F12A367A-8D8E-490D-B60E-3FDBEA3E07E2}.Release|x64.ActiveCfg = Release|Any CPU
		{F12A367A-8D8E-490D-B60E-3FDBEA3E07E2}.Release|x64.Build.0 = Release|Any CPU
		{F12A367A-8D8E-490D-B60E-3FDBEA3E07E2}.Release|x86.ActiveCfg = Release|Any CPU
		{F12A367A-8D8E-490D-B60E-3FDBEA3E07E2}.Release|x86.Build.0 = Release|Any CPU
		{801B1913-6AE1-4B8C-8030-4669AC4FE25E}.Debug|Any CPU.ActiveCfg = Debug|Any CPU
		{801B1913-6AE1-4B8C-8030-4669AC4FE25E}.Debug|Any CPU.Build.0 = Debug|Any CPU
		{801B1913-6AE1-4B8C-8030-4669AC4FE25E}.Debug|x64.ActiveCfg = Debug|Any CPU
		{801B1913-6AE1-4B8C-8030-4669AC4FE25E}.Debug|x64.Build.0 = Debug|Any CPU
		{801B1913-6AE1-4B8C-8030-4669AC4FE25E}.Debug|x86.ActiveCfg = Debug|Any CPU
		{801B1913-6AE1-4B8C-8030-4669AC4FE25E}.Debug|x86.Build.0 = Debug|Any CPU
		{801B1913-6AE1-4B8C-8030-4669AC4FE25E}.Release|Any CPU.ActiveCfg = Release|Any CPU
		{801B1913-6AE1-4B8C-8030-4669AC4FE25E}.Release|Any CPU.Build.0 = Release|Any CPU
		{801B1913-6AE1-4B8C-8030-4669AC4FE25E}.Release|x64.ActiveCfg = Release|Any CPU
		{801B1913-6AE1-4B8C-8030-4669AC4FE25E}.Release|x64.Build.0 = Release|Any CPU
		{801B1913-6AE1-4B8C-8030-4669AC4FE25E}.Release|x86.ActiveCfg = Release|Any CPU
		{801B1913-6AE1-4B8C-8030-4669AC4FE25E}.Release|x86.Build.0 = Release|Any CPU
		{FF232A59-4E8D-4D56-A2C3-ACC02F5371D0}.Debug|Any CPU.ActiveCfg = Debug|Any CPU
		{FF232A59-4E8D-4D56-A2C3-ACC02F5371D0}.Debug|Any CPU.Build.0 = Debug|Any CPU
		{FF232A59-4E8D-4D56-A2C3-ACC02F5371D0}.Debug|x64.ActiveCfg = Debug|Any CPU
		{FF232A59-4E8D-4D56-A2C3-ACC02F5371D0}.Debug|x64.Build.0 = Debug|Any CPU
		{FF232A59-4E8D-4D56-A2C3-ACC02F5371D0}.Debug|x86.ActiveCfg = Debug|Any CPU
		{FF232A59-4E8D-4D56-A2C3-ACC02F5371D0}.Debug|x86.Build.0 = Debug|Any CPU
		{FF232A59-4E8D-4D56-A2C3-ACC02F5371D0}.Release|Any CPU.ActiveCfg = Release|Any CPU
		{FF232A59-4E8D-4D56-A2C3-ACC02F5371D0}.Release|Any CPU.Build.0 = Release|Any CPU
		{FF232A59-4E8D-4D56-A2C3-ACC02F5371D0}.Release|x64.ActiveCfg = Release|Any CPU
		{FF232A59-4E8D-4D56-A2C3-ACC02F5371D0}.Release|x64.Build.0 = Release|Any CPU
		{FF232A59-4E8D-4D56-A2C3-ACC02F5371D0}.Release|x86.ActiveCfg = Release|Any CPU
		{FF232A59-4E8D-4D56-A2C3-ACC02F5371D0}.Release|x86.Build.0 = Release|Any CPU
		{A9D41C48-7E78-4D75-A814-0C1500245EFC}.Debug|Any CPU.ActiveCfg = Debug|Any CPU
		{A9D41C48-7E78-4D75-A814-0C1500245EFC}.Debug|Any CPU.Build.0 = Debug|Any CPU
		{A9D41C48-7E78-4D75-A814-0C1500245EFC}.Debug|x64.ActiveCfg = Debug|Any CPU
		{A9D41C48-7E78-4D75-A814-0C1500245EFC}.Debug|x64.Build.0 = Debug|Any CPU
		{A9D41C48-7E78-4D75-A814-0C1500245EFC}.Debug|x86.ActiveCfg = Debug|Any CPU
		{A9D41C48-7E78-4D75-A814-0C1500245EFC}.Debug|x86.Build.0 = Debug|Any CPU
		{A9D41C48-7E78-4D75-A814-0C1500245EFC}.Release|Any CPU.ActiveCfg = Release|Any CPU
		{A9D41C48-7E78-4D75-A814-0C1500245EFC}.Release|Any CPU.Build.0 = Release|Any CPU
		{A9D41C48-7E78-4D75-A814-0C1500245EFC}.Release|x64.ActiveCfg = Release|Any CPU
		{A9D41C48-7E78-4D75-A814-0C1500245EFC}.Release|x64.Build.0 = Release|Any CPU
		{A9D41C48-7E78-4D75-A814-0C1500245EFC}.Release|x86.ActiveCfg = Release|Any CPU
		{A9D41C48-7E78-4D75-A814-0C1500245EFC}.Release|x86.Build.0 = Release|Any CPU
		{E8C66A46-1F56-484D-8CDD-5C0A3FD84A5F}.Debug|Any CPU.ActiveCfg = Debug|Any CPU
		{E8C66A46-1F56-484D-8CDD-5C0A3FD84A5F}.Debug|Any CPU.Build.0 = Debug|Any CPU
		{E8C66A46-1F56-484D-8CDD-5C0A3FD84A5F}.Debug|x64.ActiveCfg = Debug|Any CPU
		{E8C66A46-1F56-484D-8CDD-5C0A3FD84A5F}.Debug|x64.Build.0 = Debug|Any CPU
		{E8C66A46-1F56-484D-8CDD-5C0A3FD84A5F}.Debug|x86.ActiveCfg = Debug|Any CPU
		{E8C66A46-1F56-484D-8CDD-5C0A3FD84A5F}.Debug|x86.Build.0 = Debug|Any CPU
		{E8C66A46-1F56-484D-8CDD-5C0A3FD84A5F}.Release|Any CPU.ActiveCfg = Release|Any CPU
		{E8C66A46-1F56-484D-8CDD-5C0A3FD84A5F}.Release|Any CPU.Build.0 = Release|Any CPU
		{E8C66A46-1F56-484D-8CDD-5C0A3FD84A5F}.Release|x64.ActiveCfg = Release|Any CPU
		{E8C66A46-1F56-484D-8CDD-5C0A3FD84A5F}.Release|x64.Build.0 = Release|Any CPU
		{E8C66A46-1F56-484D-8CDD-5C0A3FD84A5F}.Release|x86.ActiveCfg = Release|Any CPU
		{E8C66A46-1F56-484D-8CDD-5C0A3FD84A5F}.Release|x86.Build.0 = Release|Any CPU
		{E6560D72-B018-4E00-AEBD-C1B9419E0BC7}.Debug|Any CPU.ActiveCfg = Debug|Any CPU
		{E6560D72-B018-4E00-AEBD-C1B9419E0BC7}.Debug|Any CPU.Build.0 = Debug|Any CPU
		{E6560D72-B018-4E00-AEBD-C1B9419E0BC7}.Debug|x64.ActiveCfg = Debug|Any CPU
		{E6560D72-B018-4E00-AEBD-C1B9419E0BC7}.Debug|x64.Build.0 = Debug|Any CPU
		{E6560D72-B018-4E00-AEBD-C1B9419E0BC7}.Debug|x86.ActiveCfg = Debug|Any CPU
		{E6560D72-B018-4E00-AEBD-C1B9419E0BC7}.Debug|x86.Build.0 = Debug|Any CPU
		{E6560D72-B018-4E00-AEBD-C1B9419E0BC7}.Release|Any CPU.ActiveCfg = Release|Any CPU
		{E6560D72-B018-4E00-AEBD-C1B9419E0BC7}.Release|Any CPU.Build.0 = Release|Any CPU
		{E6560D72-B018-4E00-AEBD-C1B9419E0BC7}.Release|x64.ActiveCfg = Release|Any CPU
		{E6560D72-B018-4E00-AEBD-C1B9419E0BC7}.Release|x64.Build.0 = Release|Any CPU
		{E6560D72-B018-4E00-AEBD-C1B9419E0BC7}.Release|x86.ActiveCfg = Release|Any CPU
		{E6560D72-B018-4E00-AEBD-C1B9419E0BC7}.Release|x86.Build.0 = Release|Any CPU
	EndGlobalSection
	GlobalSection(SolutionProperties) = preSolution
		HideSolutionNode = FALSE
	EndGlobalSection
	GlobalSection(NestedProjects) = preSolution
		{08D15A38-B6AB-459B-8BF9-3CCA8555A022} = {827E0CD3-B72D-47B6-A68D-7590B98EB39B}
		{51FE01D8-9EEF-46B2-8D8C-3307AC2221C1} = {827E0CD3-B72D-47B6-A68D-7590B98EB39B}
		{33654E0D-B31A-4062-B6AC-C1CE4C1A1F65} = {827E0CD3-B72D-47B6-A68D-7590B98EB39B}
		{7564E6C2-FF01-4B5B-8C2B-F9CD796858BA} = {827E0CD3-B72D-47B6-A68D-7590B98EB39B}
		{37363FC6-5AA3-49B4-A3B1-E4AB2CC986EB} = {0AB3BF05-4346-4AA6-1389-037BE0695223}
		{F12A367A-8D8E-490D-B60E-3FDBEA3E07E2} = {827E0CD3-B72D-47B6-A68D-7590B98EB39B}
		{801B1913-6AE1-4B8C-8030-4669AC4FE25E} = {827E0CD3-B72D-47B6-A68D-7590B98EB39B}
		{FF232A59-4E8D-4D56-A2C3-ACC02F5371D0} = {827E0CD3-B72D-47B6-A68D-7590B98EB39B}
		{A9D41C48-7E78-4D75-A814-0C1500245EFC} = {0AB3BF05-4346-4AA6-1389-037BE0695223}
		{E8C66A46-1F56-484D-8CDD-5C0A3FD84A5F} = {827E0CD3-B72D-47B6-A68D-7590B98EB39B}
		{E6560D72-B018-4E00-AEBD-C1B9419E0BC7} = {0AB3BF05-4346-4AA6-1389-037BE0695223}
	EndGlobalSection
EndGlobal
